
Microsoft Visual Studio Solution File, Format Version 12.00
Project("{FAE04EC0-301F-11D3-BF4B-00C04F79EFBC}") = "StringManip", "StringManip\StringManip.csproj", "{809135CB-5062-44FD-8016-12ED3FB8AC1A}"
EndProject
Global
	GlobalSection(SolutionConfigurationPlatforms) = preSolution
		Debug|Any CPU = Debug|Any CPU
		Release|Any CPU = Release|Any CPU
	EndGlobalSection
	GlobalSection(ProjectConfigurationPlatforms) = postSolution
		{809135CB-5062-44FD-8016-12ED3FB8AC1A}.Debug|Any CPU.ActiveCfg = Debug|Any CPU
		{809135CB-5062-44FD-8016-12ED3FB8AC1A}.Debug|Any CPU.Build.0 = Debug|Any CPU
		{809135CB-5062-44FD-8016-12ED3FB8AC1A}.Release|Any CPU.ActiveCfg = Release|Any CPU
		{809135CB-5062-44FD-8016-12ED3FB8AC1A}.Release|Any CPU.Build.0 = Release|Any CPU
	EndGlobalSection
EndGlobal
