
Microsoft Visual Studio Solution File, Format Version 12.00
Project("{FAE04EC0-301F-11D3-BF4B-00C04F79EFBC}") = "MaiorMenor", "MaiorMenor\MaiorMenor.csproj", "{03B24FEE-9E49-495E-A24C-6FEE850170BA}"
EndProject
Project("{FAE04EC0-301F-11D3-BF4B-00C04F79EFBC}") = "MaiorMenorN", "MaiorMenorN\MaiorMenorN.csproj", "{C1B5A3D5-81D4-4615-9986-D691E1384763}"
EndProject
Global
	GlobalSection(SolutionConfigurationPlatforms) = preSolution
		Debug|Any CPU = Debug|Any CPU
		Release|Any CPU = Release|Any CPU
	EndGlobalSection
	GlobalSection(ProjectConfigurationPlatforms) = postSolution
		{03B24FEE-9E49-495E-A24C-6FEE850170BA}.Debug|Any CPU.ActiveCfg = Debug|Any CPU
		{03B24FEE-9E49-495E-A24C-6FEE850170BA}.Debug|Any CPU.Build.0 = Debug|Any CPU
		{03B24FEE-9E49-495E-A24C-6FEE850170BA}.Release|Any CPU.ActiveCfg = Release|Any CPU
		{03B24FEE-9E49-495E-A24C-6FEE850170BA}.Release|Any CPU.Build.0 = Release|Any CPU
		{C1B5A3D5-81D4-4615-9986-D691E1384763}.Debug|Any CPU.ActiveCfg = Debug|Any CPU
		{C1B5A3D5-81D4-4615-9986-D691E1384763}.Debug|Any CPU.Build.0 = Debug|Any CPU
		{C1B5A3D5-81D4-4615-9986-D691E1384763}.Release|Any CPU.ActiveCfg = Release|Any CPU
		{C1B5A3D5-81D4-4615-9986-D691E1384763}.Release|Any CPU.Build.0 = Release|Any CPU
	EndGlobalSection
EndGlobal
